
Microsoft Visual Studio Solution File, Format Version 12.00
# Visual Studio Version 18
VisualStudioVersion = 18.5.11626.173 insiders
MinimumVisualStudioVersion = 10.0.40219.1
Project("{FAE04EC0-301F-11D3-BF4B-00C04F79EFBC}") = "XbyK-DG-6July", "XbyK-DG-6July.csproj", "{08279001-53C7-8DDF-8021-B3F93BD5A99C}"
EndProject
Global
	GlobalSection(SolutionConfigurationPlatforms) = preSolution
		Debug|Any CPU = Debug|Any CPU
		Release|Any CPU = Release|Any CPU
	EndGlobalSection
	GlobalSection(ProjectConfigurationPlatforms) = postSolution
		{08279001-53C7-8DDF-8021-B3F93BD5A99C}.Debug|Any CPU.ActiveCfg = Debug|Any CPU
		{08279001-53C7-8DDF-8021-B3F93BD5A99C}.Debug|Any CPU.Build.0 = Debug|Any CPU
		{08279001-53C7-8DDF-8021-B3F93BD5A99C}.Release|Any CPU.ActiveCfg = Release|Any CPU
		{08279001-53C7-8DDF-8021-B3F93BD5A99C}.Release|Any CPU.Build.0 = Release|Any CPU
	EndGlobalSection
	GlobalSection(SolutionProperties) = preSolution
		HideSolutionNode = FALSE
	EndGlobalSection
	GlobalSection(ExtensibilityGlobals) = postSolution
		SolutionGuid = {2CD32F78-BB00-48AA-B717-14A5DA4D7264}
	EndGlobalSection
EndGlobal
